
Microsoft Visual Studio Solution File, Format Version 12.00
# Visual Studio 15
VisualStudioVersion = 15.0.26730.12
MinimumVisualStudioVersion = 10.0.40219.1
Project("{FAE04EC0-301F-11D3-BF4B-00C04F79EFBC}") = "OrbiFloWebApi_Using_OAuth2", "OrbiFloWebApi_Using_OAuth2\OrbiFloWebApi_Using_OAuth2.csproj", "{0FEDAB69-6494-4390-9AC5-2E44CCE06CE6}"
	ProjectSection(ProjectDependencies) = postProject
		{FC9CA554-669C-4120-9E33-ED8B08AC1E81} = {FC9CA554-669C-4120-9E33-ED8B08AC1E81}
		{0F43179C-D35E-48F0-9F25-5E6C0E4C1FAB} = {0F43179C-D35E-48F0-9F25-5E6C0E4C1FAB}
		{080C64A0-A57A-4F46-9D85-C4E90DC25BBF} = {080C64A0-A57A-4F46-9D85-C4E90DC25BBF}
		{6BF178C0-BACC-4FEC-9DDA-63255BF57B0A} = {6BF178C0-BACC-4FEC-9DDA-63255BF57B0A}
	EndProjectSection
EndProject
Project("{FAE04EC0-301F-11D3-BF4B-00C04F79EFBC}") = "ConsistManagement.Android", "ConsistManagement\ConsistManagement.Android\ConsistManagement.Android.csproj", "{080C64A0-A57A-4F46-9D85-C4E90DC25BBF}"
EndProject
Project("{FAE04EC0-301F-11D3-BF4B-00C04F79EFBC}") = "ConsistManagement", "ConsistManagement\ConsistManagement\ConsistManagement.csproj", "{FC9CA554-669C-4120-9E33-ED8B08AC1E81}"
EndProject
Project("{FAE04EC0-301F-11D3-BF4B-00C04F79EFBC}") = "ConsistManagement.UWP", "ConsistManagement\ConsistManagement.UWP\ConsistManagement.UWP.csproj", "{6BF178C0-BACC-4FEC-9DDA-63255BF57B0A}"
EndProject
Project("{FAE04EC0-301F-11D3-BF4B-00C04F79EFBC}") = "ConsistManagement.iOS", "ConsistManagement\ConsistManagement.iOS\ConsistManagement.iOS.csproj", "{0F43179C-D35E-48F0-9F25-5E6C0E4C1FAB}"
EndProject
Project("{2150E333-8FDC-42A3-9474-1A3956D46DE8}") = "Mobile", "Mobile", "{AB9322BD-7483-45C0-9554-E65C95407670}"
EndProject
Global
	GlobalSection(SolutionConfigurationPlatforms) = preSolution
		Ad-Hoc|Any CPU = Ad-Hoc|Any CPU
		Ad-Hoc|ARM = Ad-Hoc|ARM
		Ad-Hoc|iPhone = Ad-Hoc|iPhone
		Ad-Hoc|iPhoneSimulator = Ad-Hoc|iPhoneSimulator
		Ad-Hoc|x64 = Ad-Hoc|x64
		Ad-Hoc|x86 = Ad-Hoc|x86
		AppStore|Any CPU = AppStore|Any CPU
		AppStore|ARM = AppStore|ARM
		AppStore|iPhone = AppStore|iPhone
		AppStore|iPhoneSimulator = AppStore|iPhoneSimulator
		AppStore|x64 = AppStore|x64
		AppStore|x86 = AppStore|x86
		Debug|Any CPU = Debug|Any CPU
		Debug|ARM = Debug|ARM
		Debug|iPhone = Debug|iPhone
		Debug|iPhoneSimulator = Debug|iPhoneSimulator
		Debug|x64 = Debug|x64
		Debug|x86 = Debug|x86
		Release|Any CPU = Release|Any CPU
		Release|ARM = Release|ARM
		Release|iPhone = Release|iPhone
		Release|iPhoneSimulator = Release|iPhoneSimulator
		Release|x64 = Release|x64
		Release|x86 = Release|x86
	EndGlobalSection
	GlobalSection(ProjectConfigurationPlatforms) = postSolution
		{0FEDAB69-6494-4390-9AC5-2E44CCE06CE6}.Ad-Hoc|Any CPU.ActiveCfg = Release|Any CPU
		{0FEDAB69-6494-4390-9AC5-2E44CCE06CE6}.Ad-Hoc|Any CPU.Build.0 = Release|Any CPU
		{0FEDAB69-6494-4390-9AC5-2E44CCE06CE6}.Ad-Hoc|ARM.ActiveCfg = Release|Any CPU
		{0FEDAB69-6494-4390-9AC5-2E44CCE06CE6}.Ad-Hoc|ARM.Build.0 = Release|Any CPU
		{0FEDAB69-6494-4390-9AC5-2E44CCE06CE6}.Ad-Hoc|iPhone.ActiveCfg = Release|Any CPU
		{0FEDAB69-6494-4390-9AC5-2E44CCE06CE6}.Ad-Hoc|iPhone.Build.0 = Release|Any CPU
		{0FEDAB69-6494-4390-9AC5-2E44CCE06CE6}.Ad-Hoc|iPhoneSimulator.ActiveCfg = Release|Any CPU
		{0FEDAB69-6494-4390-9AC5-2E44CCE06CE6}.Ad-Hoc|iPhoneSimulator.Build.0 = Release|Any CPU
		{0FEDAB69-6494-4390-9AC5-2E44CCE06CE6}.Ad-Hoc|x64.ActiveCfg = Release|Any CPU
		{0FEDAB69-6494-4390-9AC5-2E44CCE06CE6}.Ad-Hoc|x64.Build.0 = Release|Any CPU
		{0FEDAB69-6494-4390-9AC5-2E44CCE06CE6}.Ad-Hoc|x86.ActiveCfg = Release|Any CPU
		{0FEDAB69-6494-4390-9AC5-2E44CCE06CE6}.Ad-Hoc|x86.Build.0 = Release|Any CPU
		{0FEDAB69-6494-4390-9AC5-2E44CCE06CE6}.AppStore|Any CPU.ActiveCfg = Release|Any CPU
		{0FEDAB69-6494-4390-9AC5-2E44CCE06CE6}.AppStore|Any CPU.Build.0 = Release|Any CPU
		{0FEDAB69-6494-4390-9AC5-2E44CCE06CE6}.AppStore|ARM.ActiveCfg = Release|Any CPU
		{0FEDAB69-6494-4390-9AC5-2E44CCE06CE6}.AppStore|ARM.Build.0 = Release|Any CPU
		{0FEDAB69-6494-4390-9AC5-2E44CCE06CE6}.AppStore|iPhone.ActiveCfg = Release|Any CPU
		{0FEDAB69-6494-4390-9AC5-2E44CCE06CE6}.AppStore|iPhone.Build.0 = Release|Any CPU
		{0FEDAB69-6494-4390-9AC5-2E44CCE06CE6}.AppStore|iPhoneSimulator.ActiveCfg = Release|Any CPU
		{0FEDAB69-6494-4390-9AC5-2E44CCE06CE6}.AppStore|iPhoneSimulator.Build.0 = Release|Any CPU
		{0FEDAB69-6494-4390-9AC5-2E44CCE06CE6}.AppStore|x64.ActiveCfg = Release|Any CPU
		{0FEDAB69-6494-4390-9AC5-2E44CCE06CE6}.AppStore|x64.Build.0 = Release|Any CPU
		{0FEDAB69-6494-4390-9AC5-2E44CCE06CE6}.AppStore|x86.ActiveCfg = Release|Any CPU
		{0FEDAB69-6494-4390-9AC5-2E44CCE06CE6}.AppStore|x86.Build.0 = Release|Any CPU
		{0FEDAB69-6494-4390-9AC5-2E44CCE06CE6}.Debug|Any CPU.ActiveCfg = Debug|Any CPU
		{0FEDAB69-6494-4390-9AC5-2E44CCE06CE6}.Debug|Any CPU.Build.0 = Debug|Any CPU
		{0FEDAB69-6494-4390-9AC5-2E44CCE06CE6}.Debug|ARM.ActiveCfg = Debug|Any CPU
		{0FEDAB69-6494-4390-9AC5-2E44CCE06CE6}.Debug|ARM.Build.0 = Debug|Any CPU
		{0FEDAB69-6494-4390-9AC5-2E44CCE06CE6}.Debug|iPhone.ActiveCfg = Debug|Any CPU
		{0FEDAB69-6494-4390-9AC5-2E44CCE06CE6}.Debug|iPhone.Build.0 = Debug|Any CPU
		{0FEDAB69-6494-4390-9AC5-2E44CCE06CE6}.Debug|iPhoneSimulator.ActiveCfg = Debug|Any CPU
		{0FEDAB69-6494-4390-9AC5-2E44CCE06CE6}.Debug|iPhoneSimulator.Build.0 = Debug|Any CPU
		{0FEDAB69-6494-4390-9AC5-2E44CCE06CE6}.Debug|x64.ActiveCfg = Debug|Any CPU
		{0FEDAB69-6494-4390-9AC5-2E44CCE06CE6}.Debug|x64.Build.0 = Debug|Any CPU
		{0FEDAB69-6494-4390-9AC5-2E44CCE06CE6}.Debug|x86.ActiveCfg = Debug|Any CPU
		{0FEDAB69-6494-4390-9AC5-2E44CCE06CE6}.Debug|x86.Build.0 = Debug|Any CPU
		{0FEDAB69-6494-4390-9AC5-2E44CCE06CE6}.Release|Any CPU.ActiveCfg = Release|Any CPU
		{0FEDAB69-6494-4390-9AC5-2E44CCE06CE6}.Release|Any CPU.Build.0 = Release|Any CPU
		{0FEDAB69-6494-4390-9AC5-2E44CCE06CE6}.Release|ARM.ActiveCfg = Release|Any CPU
		{0FEDAB69-6494-4390-9AC5-2E44CCE06CE6}.Release|ARM.Build.0 = Release|Any CPU
		{0FEDAB69-6494-4390-9AC5-2E44CCE06CE6}.Release|iPhone.ActiveCfg = Release|Any CPU
		{0FEDAB69-6494-4390-9AC5-2E44CCE06CE6}.Release|iPhone.Build.0 = Release|Any CPU
		{0FEDAB69-6494-4390-9AC5-2E44CCE06CE6}.Release|iPhoneSimulator.ActiveCfg = Release|Any CPU
		{0FEDAB69-6494-4390-9AC5-2E44CCE06CE6}.Release|iPhoneSimulator.Build.0 = Release|Any CPU
		{0FEDAB69-6494-4390-9AC5-2E44CCE06CE6}.Release|x64.ActiveCfg = Release|Any CPU
		{0FEDAB69-6494-4390-9AC5-2E44CCE06CE6}.Release|x64.Build.0 = Release|Any CPU
		{0FEDAB69-6494-4390-9AC5-2E44CCE06CE6}.Release|x86.ActiveCfg = Release|Any CPU
		{0FEDAB69-6494-4390-9AC5-2E44CCE06CE6}.Release|x86.Build.0 = Release|Any CPU
		{080C64A0-A57A-4F46-9D85-C4E90DC25BBF}.Ad-Hoc|Any CPU.ActiveCfg = Release|Any CPU
		{080C64A0-A57A-4F46-9D85-C4E90DC25BBF}.Ad-Hoc|Any CPU.Build.0 = Release|Any CPU
		{080C64A0-A57A-4F46-9D85-C4E90DC25BBF}.Ad-Hoc|Any CPU.Deploy.0 = Release|Any CPU
		{080C64A0-A57A-4F46-9D85-C4E90DC25BBF}.Ad-Hoc|ARM.ActiveCfg = Release|Any CPU
		{080C64A0-A57A-4F46-9D85-C4E90DC25BBF}.Ad-Hoc|ARM.Build.0 = Release|Any CPU
		{080C64A0-A57A-4F46-9D85-C4E90DC25BBF}.Ad-Hoc|ARM.Deploy.0 = Release|Any CPU
		{080C64A0-A57A-4F46-9D85-C4E90DC25BBF}.Ad-Hoc|iPhone.ActiveCfg = Release|Any CPU
		{080C64A0-A57A-4F46-9D85-C4E90DC25BBF}.Ad-Hoc|iPhone.Build.0 = Release|Any CPU
		{080C64A0-A57A-4F46-9D85-C4E90DC25BBF}.Ad-Hoc|iPhone.Deploy.0 = Release|Any CPU
		{080C64A0-A57A-4F46-9D85-C4E90DC25BBF}.Ad-Hoc|iPhoneSimulator.ActiveCfg = Release|Any CPU
		{080C64A0-A57A-4F46-9D85-C4E90DC25BBF}.Ad-Hoc|iPhoneSimulator.Build.0 = Release|Any CPU
		{080C64A0-A57A-4F46-9D85-C4E90DC25BBF}.Ad-Hoc|iPhoneSimulator.Deploy.0 = Release|Any CPU
		{080C64A0-A57A-4F46-9D85-C4E90DC25BBF}.Ad-Hoc|x64.ActiveCfg = Release|Any CPU
		{080C64A0-A57A-4F46-9D85-C4E90DC25BBF}.Ad-Hoc|x64.Build.0 = Release|Any CPU
		{080C64A0-A57A-4F46-9D85-C4E90DC25BBF}.Ad-Hoc|x64.Deploy.0 = Release|Any CPU
		{080C64A0-A57A-4F46-9D85-C4E90DC25BBF}.Ad-Hoc|x86.ActiveCfg = Release|Any CPU
		{080C64A0-A57A-4F46-9D85-C4E90DC25BBF}.Ad-Hoc|x86.Build.0 = Release|Any CPU
		{080C64A0-A57A-4F46-9D85-C4E90DC25BBF}.Ad-Hoc|x86.Deploy.0 = Release|Any CPU
		{080C64A0-A57A-4F46-9D85-C4E90DC25BBF}.AppStore|Any CPU.ActiveCfg = Release|Any CPU
		{080C64A0-A57A-4F46-9D85-C4E90DC25BBF}.AppStore|Any CPU.Build.0 = Release|Any CPU
		{080C64A0-A57A-4F46-9D85-C4E90DC25BBF}.AppStore|Any CPU.Deploy.0 = Release|Any CPU
		{080C64A0-A57A-4F46-9D85-C4E90DC25BBF}.AppStore|ARM.ActiveCfg = Release|Any CPU
		{080C64A0-A57A-4F46-9D85-C4E90DC25BBF}.AppStore|ARM.Build.0 = Release|Any CPU
		{080C64A0-A57A-4F46-9D85-C4E90DC25BBF}.AppStore|ARM.Deploy.0 = Release|Any CPU
		{080C64A0-A57A-4F46-9D85-C4E90DC25BBF}.AppStore|iPhone.ActiveCfg = Release|Any CPU
		{080C64A0-A57A-4F46-9D85-C4E90DC25BBF}.AppStore|iPhone.Build.0 = Release|Any CPU
		{080C64A0-A57A-4F46-9D85-C4E90DC25BBF}.AppStore|iPhone.Deploy.0 = Release|Any CPU
		{080C64A0-A57A-4F46-9D85-C4E90DC25BBF}.AppStore|iPhoneSimulator.ActiveCfg = Release|Any CPU
		{080C64A0-A57A-4F46-9D85-C4E90DC25BBF}.AppStore|iPhoneSimulator.Build.0 = Release|Any CPU
		{080C64A0-A57A-4F46-9D85-C4E90DC25BBF}.AppStore|iPhoneSimulator.Deploy.0 = Release|Any CPU
		{080C64A0-A57A-4F46-9D85-C4E90DC25BBF}.AppStore|x64.ActiveCfg = Release|Any CPU
		{080C64A0-A57A-4F46-9D85-C4E90DC25BBF}.AppStore|x64.Build.0 = Release|Any CPU
		{080C64A0-A57A-4F46-9D85-C4E90DC25BBF}.AppStore|x64.Deploy.0 = Release|Any CPU
		{080C64A0-A57A-4F46-9D85-C4E90DC25BBF}.AppStore|x86.ActiveCfg = Release|Any CPU
		{080C64A0-A57A-4F46-9D85-C4E90DC25BBF}.AppStore|x86.Build.0 = Release|Any CPU
		{080C64A0-A57A-4F46-9D85-C4E90DC25BBF}.AppStore|x86.Deploy.0 = Release|Any CPU
		{080C64A0-A57A-4F46-9D85-C4E90DC25BBF}.Debug|Any CPU.ActiveCfg = Debug|Any CPU
		{080C64A0-A57A-4F46-9D85-C4E90DC25BBF}.Debug|Any CPU.Build.0 = Debug|Any CPU
		{080C64A0-A57A-4F46-9D85-C4E90DC25BBF}.Debug|ARM.ActiveCfg = Debug|Any CPU
		{080C64A0-A57A-4F46-9D85-C4E90DC25BBF}.Debug|ARM.Build.0 = Debug|Any CPU
		{080C64A0-A57A-4F46-9D85-C4E90DC25BBF}.Debug|ARM.Deploy.0 = Debug|Any CPU
		{080C64A0-A57A-4F46-9D85-C4E90DC25BBF}.Debug|iPhone.ActiveCfg = Debug|Any CPU
		{080C64A0-A57A-4F46-9D85-C4E90DC25BBF}.Debug|iPhone.Build.0 = Debug|Any CPU
		{080C64A0-A57A-4F46-9D85-C4E90DC25BBF}.Debug|iPhone.Deploy.0 = Debug|Any CPU
		{080C64A0-A57A-4F46-9D85-C4E90DC25BBF}.Debug|iPhoneSimulator.ActiveCfg = Debug|Any CPU
		{080C64A0-A57A-4F46-9D85-C4E90DC25BBF}.Debug|iPhoneSimulator.Build.0 = Debug|Any CPU
		{080C64A0-A57A-4F46-9D85-C4E90DC25BBF}.Debug|iPhoneSimulator.Deploy.0 = Debug|Any CPU
		{080C64A0-A57A-4F46-9D85-C4E90DC25BBF}.Debug|x64.ActiveCfg = Debug|Any CPU
		{080C64A0-A57A-4F46-9D85-C4E90DC25BBF}.Debug|x64.Build.0 = Debug|Any CPU
		{080C64A0-A57A-4F46-9D85-C4E90DC25BBF}.Debug|x64.Deploy.0 = Debug|Any CPU
		{080C64A0-A57A-4F46-9D85-C4E90DC25BBF}.Debug|x86.ActiveCfg = Debug|Any CPU
		{080C64A0-A57A-4F46-9D85-C4E90DC25BBF}.Debug|x86.Build.0 = Debug|Any CPU
		{080C64A0-A57A-4F46-9D85-C4E90DC25BBF}.Release|Any CPU.ActiveCfg = Release|Any CPU
		{080C64A0-A57A-4F46-9D85-C4E90DC25BBF}.Release|Any CPU.Build.0 = Release|Any CPU
		{080C64A0-A57A-4F46-9D85-C4E90DC25BBF}.Release|Any CPU.Deploy.0 = Release|Any CPU
		{080C64A0-A57A-4F46-9D85-C4E90DC25BBF}.Release|ARM.ActiveCfg = Release|Any CPU
		{080C64A0-A57A-4F46-9D85-C4E90DC25BBF}.Release|ARM.Build.0 = Release|Any CPU
		{080C64A0-A57A-4F46-9D85-C4E90DC25BBF}.Release|ARM.Deploy.0 = Release|Any CPU
		{080C64A0-A57A-4F46-9D85-C4E90DC25BBF}.Release|iPhone.ActiveCfg = Release|Any CPU
		{080C64A0-A57A-4F46-9D85-C4E90DC25BBF}.Release|iPhone.Build.0 = Release|Any CPU
		{080C64A0-A57A-4F46-9D85-C4E90DC25BBF}.Release|iPhone.Deploy.0 = Release|Any CPU
		{080C64A0-A57A-4F46-9D85-C4E90DC25BBF}.Release|iPhoneSimulator.ActiveCfg = Release|Any CPU
		{080C64A0-A57A-4F46-9D85-C4E90DC25BBF}.Release|iPhoneSimulator.Build.0 = Release|Any CPU
		{080C64A0-A57A-4F46-9D85-C4E90DC25BBF}.Release|iPhoneSimulator.Deploy.0 = Release|Any CPU
		{080C64A0-A57A-4F46-9D85-C4E90DC25BBF}.Release|x64.ActiveCfg = Release|Any CPU
		{080C64A0-A57A-4F46-9D85-C4E90DC25BBF}.Release|x64.Build.0 = Release|Any CPU
		{080C64A0-A57A-4F46-9D85-C4E90DC25BBF}.Release|x64.Deploy.0 = Release|Any CPU
		{080C64A0-A57A-4F46-9D85-C4E90DC25BBF}.Release|x86.ActiveCfg = Release|Any CPU
		{080C64A0-A57A-4F46-9D85-C4E90DC25BBF}.Release|x86.Build.0 = Release|Any CPU
		{080C64A0-A57A-4F46-9D85-C4E90DC25BBF}.Release|x86.Deploy.0 = Release|Any CPU
		{FC9CA554-669C-4120-9E33-ED8B08AC1E81}.Ad-Hoc|Any CPU.ActiveCfg = Release|Any CPU
		{FC9CA554-669C-4120-9E33-ED8B08AC1E81}.Ad-Hoc|Any CPU.Build.0 = Release|Any CPU
		{FC9CA554-669C-4120-9E33-ED8B08AC1E81}.Ad-Hoc|ARM.ActiveCfg = Release|Any CPU
		{FC9CA554-669C-4120-9E33-ED8B08AC1E81}.Ad-Hoc|ARM.Build.0 = Release|Any CPU
		{FC9CA554-669C-4120-9E33-ED8B08AC1E81}.Ad-Hoc|iPhone.ActiveCfg = Release|Any CPU
		{FC9CA554-669C-4120-9E33-ED8B08AC1E81}.Ad-Hoc|iPhone.Build.0 = Release|Any CPU
		{FC9CA554-669C-4120-9E33-ED8B08AC1E81}.Ad-Hoc|iPhoneSimulator.ActiveCfg = Release|Any CPU
		{FC9CA554-669C-4120-9E33-ED8B08AC1E81}.Ad-Hoc|iPhoneSimulator.Build.0 = Release|Any CPU
		{FC9CA554-669C-4120-9E33-ED8B08AC1E81}.Ad-Hoc|x64.ActiveCfg = Release|Any CPU
		{FC9CA554-669C-4120-9E33-ED8B08AC1E81}.Ad-Hoc|x64.Build.0 = Release|Any CPU
		{FC9CA554-669C-4120-9E33-ED8B08AC1E81}.Ad-Hoc|x86.ActiveCfg = Release|Any CPU
		{FC9CA554-669C-4120-9E33-ED8B08AC1E81}.Ad-Hoc|x86.Build.0 = Release|Any CPU
		{FC9CA554-669C-4120-9E33-ED8B08AC1E81}.AppStore|Any CPU.ActiveCfg = Release|Any CPU
		{FC9CA554-669C-4120-9E33-ED8B08AC1E81}.AppStore|Any CPU.Build.0 = Release|Any CPU
		{FC9CA554-669C-4120-9E33-ED8B08AC1E81}.AppStore|ARM.ActiveCfg = Release|Any CPU
		{FC9CA554-669C-4120-9E33-ED8B08AC1E81}.AppStore|ARM.Build.0 = Release|Any CPU
		{FC9CA554-669C-4120-9E33-ED8B08AC1E81}.AppStore|iPhone.ActiveCfg = Release|Any CPU
		{FC9CA554-669C-4120-9E33-ED8B08AC1E81}.AppStore|iPhone.Build.0 = Release|Any CPU
		{FC9CA554-669C-4120-9E33-ED8B08AC1E81}.AppStore|iPhoneSimulator.ActiveCfg = Release|Any CPU
		{FC9CA554-669C-4120-9E33-ED8B08AC1E81}.AppStore|iPhoneSimulator.Build.0 = Release|Any CPU
		{FC9CA554-669C-4120-9E33-ED8B08AC1E81}.AppStore|x64.ActiveCfg = Release|Any CPU
		{FC9CA554-669C-4120-9E33-ED8B08AC1E81}.AppStore|x64.Build.0 = Release|Any CPU
		{FC9CA554-669C-4120-9E33-ED8B08AC1E81}.AppStore|x86.ActiveCfg = Release|Any CPU
		{FC9CA554-669C-4120-9E33-ED8B08AC1E81}.AppStore|x86.Build.0 = Release|Any CPU
		{FC9CA554-669C-4120-9E33-ED8B08AC1E81}.Debug|Any CPU.ActiveCfg = Debug|Any CPU
		{FC9CA554-669C-4120-9E33-ED8B08AC1E81}.Debug|Any CPU.Build.0 = Debug|Any CPU
		{FC9CA554-669C-4120-9E33-ED8B08AC1E81}.Debug|ARM.ActiveCfg = Debug|Any CPU
		{FC9CA554-669C-4120-9E33-ED8B08AC1E81}.Debug|ARM.Build.0 = Debug|Any CPU
		{FC9CA554-669C-4120-9E33-ED8B08AC1E81}.Debug|iPhone.ActiveCfg = Debug|Any CPU
		{FC9CA554-669C-4120-9E33-ED8B08AC1E81}.Debug|iPhone.Build.0 = Debug|Any CPU
		{FC9CA554-669C-4120-9E33-ED8B08AC1E81}.Debug|iPhoneSimulator.ActiveCfg = Debug|Any CPU
		{FC9CA554-669C-4120-9E33-ED8B08AC1E81}.Debug|iPhoneSimulator.Build.0 = Debug|Any CPU
		{FC9CA554-669C-4120-9E33-ED8B08AC1E81}.Debug|x64.ActiveCfg = Debug|Any CPU
		{FC9CA554-669C-4120-9E33-ED8B08AC1E81}.Debug|x64.Build.0 = Debug|Any CPU
		{FC9CA554-669C-4120-9E33-ED8B08AC1E81}.Debug|x86.ActiveCfg = Debug|Any CPU
		{FC9CA554-669C-4120-9E33-ED8B08AC1E81}.Debug|x86.Build.0 = Debug|Any CPU
		{FC9CA554-669C-4120-9E33-ED8B08AC1E81}.Release|Any CPU.ActiveCfg = Release|Any CPU
		{FC9CA554-669C-4120-9E33-ED8B08AC1E81}.Release|Any CPU.Build.0 = Release|Any CPU
		{FC9CA554-669C-4120-9E33-ED8B08AC1E81}.Release|ARM.ActiveCfg = Release|Any CPU
		{FC9CA554-669C-4120-9E33-ED8B08AC1E81}.Release|ARM.Build.0 = Release|Any CPU
		{FC9CA554-669C-4120-9E33-ED8B08AC1E81}.Release|iPhone.ActiveCfg = Release|Any CPU
		{FC9CA554-669C-4120-9E33-ED8B08AC1E81}.Release|iPhone.Build.0 = Release|Any CPU
		{FC9CA554-669C-4120-9E33-ED8B08AC1E81}.Release|iPhoneSimulator.ActiveCfg = Release|Any CPU
		{FC9CA554-669C-4120-9E33-ED8B08AC1E81}.Release|iPhoneSimulator.Build.0 = Release|Any CPU
		{FC9CA554-669C-4120-9E33-ED8B08AC1E81}.Release|x64.ActiveCfg = Release|Any CPU
		{FC9CA554-669C-4120-9E33-ED8B08AC1E81}.Release|x64.Build.0 = Release|Any CPU
		{FC9CA554-669C-4120-9E33-ED8B08AC1E81}.Release|x86.ActiveCfg = Release|Any CPU
		{FC9CA554-669C-4120-9E33-ED8B08AC1E81}.Release|x86.Build.0 = Release|Any CPU
		{6BF178C0-BACC-4FEC-9DDA-63255BF57B0A}.Ad-Hoc|Any CPU.ActiveCfg = Release|x86
		{6BF178C0-BACC-4FEC-9DDA-63255BF57B0A}.Ad-Hoc|Any CPU.Build.0 = Release|x86
		{6BF178C0-BACC-4FEC-9DDA-63255BF57B0A}.Ad-Hoc|Any CPU.Deploy.0 = Release|x86
		{6BF178C0-BACC-4FEC-9DDA-63255BF57B0A}.Ad-Hoc|ARM.ActiveCfg = Release|ARM
		{6BF178C0-BACC-4FEC-9DDA-63255BF57B0A}.Ad-Hoc|ARM.Build.0 = Release|ARM
		{6BF178C0-BACC-4FEC-9DDA-63255BF57B0A}.Ad-Hoc|ARM.Deploy.0 = Release|ARM
		{6BF178C0-BACC-4FEC-9DDA-63255BF57B0A}.Ad-Hoc|iPhone.ActiveCfg = Release|x86
		{6BF178C0-BACC-4FEC-9DDA-63255BF57B0A}.Ad-Hoc|iPhone.Build.0 = Release|x86
		{6BF178C0-BACC-4FEC-9DDA-63255BF57B0A}.Ad-Hoc|iPhone.Deploy.0 = Release|x86
		{6BF178C0-BACC-4FEC-9DDA-63255BF57B0A}.Ad-Hoc|iPhoneSimulator.ActiveCfg = Release|x86
		{6BF178C0-BACC-4FEC-9DDA-63255BF57B0A}.Ad-Hoc|iPhoneSimulator.Build.0 = Release|x86
		{6BF178C0-BACC-4FEC-9DDA-63255BF57B0A}.Ad-Hoc|iPhoneSimulator.Deploy.0 = Release|x86
		{6BF178C0-BACC-4FEC-9DDA-63255BF57B0A}.Ad-Hoc|x64.ActiveCfg = Release|x64
		{6BF178C0-BACC-4FEC-9DDA-63255BF57B0A}.Ad-Hoc|x64.Build.0 = Release|x64
		{6BF178C0-BACC-4FEC-9DDA-63255BF57B0A}.Ad-Hoc|x64.Deploy.0 = Release|x64
		{6BF178C0-BACC-4FEC-9DDA-63255BF57B0A}.Ad-Hoc|x86.ActiveCfg = Release|x86
		{6BF178C0-BACC-4FEC-9DDA-63255BF57B0A}.Ad-Hoc|x86.Build.0 = Release|x86
		{6BF178C0-BACC-4FEC-9DDA-63255BF57B0A}.Ad-Hoc|x86.Deploy.0 = Release|x86
		{6BF178C0-BACC-4FEC-9DDA-63255BF57B0A}.AppStore|Any CPU.ActiveCfg = Release|x86
		{6BF178C0-BACC-4FEC-9DDA-63255BF57B0A}.AppStore|Any CPU.Build.0 = Release|x86
		{6BF178C0-BACC-4FEC-9DDA-63255BF57B0A}.AppStore|Any CPU.Deploy.0 = Release|x86
		{6BF178C0-BACC-4FEC-9DDA-63255BF57B0A}.AppStore|ARM.ActiveCfg = Release|ARM
		{6BF178C0-BACC-4FEC-9DDA-63255BF57B0A}.AppStore|ARM.Build.0 = Release|ARM
		{6BF178C0-BACC-4FEC-9DDA-63255BF57B0A}.AppStore|ARM.Deploy.0 = Release|ARM
		{6BF178C0-BACC-4FEC-9DDA-63255BF57B0A}.AppStore|iPhone.ActiveCfg = Release|x86
		{6BF178C0-BACC-4FEC-9DDA-63255BF57B0A}.AppStore|iPhone.Build.0 = Release|x86
		{6BF178C0-BACC-4FEC-9DDA-63255BF57B0A}.AppStore|iPhone.Deploy.0 = Release|x86
		{6BF178C0-BACC-4FEC-9DDA-63255BF57B0A}.AppStore|iPhoneSimulator.ActiveCfg = Release|x86
		{6BF178C0-BACC-4FEC-9DDA-63255BF57B0A}.AppStore|iPhoneSimulator.Build.0 = Release|x86
		{6BF178C0-BACC-4FEC-9DDA-63255BF57B0A}.AppStore|iPhoneSimulator.Deploy.0 = Release|x86
		{6BF178C0-BACC-4FEC-9DDA-63255BF57B0A}.AppStore|x64.ActiveCfg = Release|x64
		{6BF178C0-BACC-4FEC-9DDA-63255BF57B0A}.AppStore|x64.Build.0 = Release|x64
		{6BF178C0-BACC-4FEC-9DDA-63255BF57B0A}.AppStore|x64.Deploy.0 = Release|x64
		{6BF178C0-BACC-4FEC-9DDA-63255BF57B0A}.AppStore|x86.ActiveCfg = Release|x86
		{6BF178C0-BACC-4FEC-9DDA-63255BF57B0A}.AppStore|x86.Build.0 = Release|x86
		{6BF178C0-BACC-4FEC-9DDA-63255BF57B0A}.AppStore|x86.Deploy.0 = Release|x86
		{6BF178C0-BACC-4FEC-9DDA-63255BF57B0A}.Debug|Any CPU.ActiveCfg = Debug|x86
		{6BF178C0-BACC-4FEC-9DDA-63255BF57B0A}.Debug|Any CPU.Deploy.0 = Debug|x86
		{6BF178C0-BACC-4FEC-9DDA-63255BF57B0A}.Debug|ARM.ActiveCfg = Debug|ARM
		{6BF178C0-BACC-4FEC-9DDA-63255BF57B0A}.Debug|ARM.Build.0 = Debug|ARM
		{6BF178C0-BACC-4FEC-9DDA-63255BF57B0A}.Debug|ARM.Deploy.0 = Debug|ARM
		{6BF178C0-BACC-4FEC-9DDA-63255BF57B0A}.Debug|iPhone.ActiveCfg = Debug|x86
		{6BF178C0-BACC-4FEC-9DDA-63255BF57B0A}.Debug|iPhoneSimulator.ActiveCfg = Debug|x86
		{6BF178C0-BACC-4FEC-9DDA-63255BF57B0A}.Debug|x64.ActiveCfg = Debug|x64
		{6BF178C0-BACC-4FEC-9DDA-63255BF57B0A}.Debug|x64.Build.0 = Debug|x64
		{6BF178C0-BACC-4FEC-9DDA-63255BF57B0A}.Debug|x64.Deploy.0 = Debug|x64
		{6BF178C0-BACC-4FEC-9DDA-63255BF57B0A}.Debug|x86.ActiveCfg = Debug|x86
		{6BF178C0-BACC-4FEC-9DDA-63255BF57B0A}.Debug|x86.Build.0 = Debug|x86
		{6BF178C0-BACC-4FEC-9DDA-63255BF57B0A}.Debug|x86.Deploy.0 = Debug|x86
		{6BF178C0-BACC-4FEC-9DDA-63255BF57B0A}.Release|Any CPU.ActiveCfg = Release|x86
		{6BF178C0-BACC-4FEC-9DDA-63255BF57B0A}.Release|ARM.ActiveCfg = Release|ARM
		{6BF178C0-BACC-4FEC-9DDA-63255BF57B0A}.Release|ARM.Build.0 = Release|ARM
		{6BF178C0-BACC-4FEC-9DDA-63255BF57B0A}.Release|ARM.Deploy.0 = Release|ARM
		{6BF178C0-BACC-4FEC-9DDA-63255BF57B0A}.Release|iPhone.ActiveCfg = Release|x86
		{6BF178C0-BACC-4FEC-9DDA-63255BF57B0A}.Release|iPhoneSimulator.ActiveCfg = Release|x86
		{6BF178C0-BACC-4FEC-9DDA-63255BF57B0A}.Release|x64.ActiveCfg = Release|x64
		{6BF178C0-BACC-4FEC-9DDA-63255BF57B0A}.Release|x64.Build.0 = Release|x64
		{6BF178C0-BACC-4FEC-9DDA-63255BF57B0A}.Release|x64.Deploy.0 = Release|x64
		{6BF178C0-BACC-4FEC-9DDA-63255BF57B0A}.Release|x86.ActiveCfg = Release|x86
		{6BF178C0-BACC-4FEC-9DDA-63255BF57B0A}.Release|x86.Build.0 = Release|x86
		{6BF178C0-BACC-4FEC-9DDA-63255BF57B0A}.Release|x86.Deploy.0 = Release|x86
		{0F43179C-D35E-48F0-9F25-5E6C0E4C1FAB}.Ad-Hoc|Any CPU.ActiveCfg = Ad-Hoc|iPhone
		{0F43179C-D35E-48F0-9F25-5E6C0E4C1FAB}.Ad-Hoc|ARM.ActiveCfg = Ad-Hoc|iPhone
		{0F43179C-D35E-48F0-9F25-5E6C0E4C1FAB}.Ad-Hoc|iPhone.ActiveCfg = Ad-Hoc|iPhone
		{0F43179C-D35E-48F0-9F25-5E6C0E4C1FAB}.Ad-Hoc|iPhone.Build.0 = Ad-Hoc|iPhone
		{0F43179C-D35E-48F0-9F25-5E6C0E4C1FAB}.Ad-Hoc|iPhoneSimulator.ActiveCfg = Ad-Hoc|iPhoneSimulator
		{0F43179C-D35E-48F0-9F25-5E6C0E4C1FAB}.Ad-Hoc|iPhoneSimulator.Build.0 = Ad-Hoc|iPhoneSimulator
		{0F43179C-D35E-48F0-9F25-5E6C0E4C1FAB}.Ad-Hoc|x64.ActiveCfg = Ad-Hoc|iPhone
		{0F43179C-D35E-48F0-9F25-5E6C0E4C1FAB}.Ad-Hoc|x86.ActiveCfg = Ad-Hoc|iPhone
		{0F43179C-D35E-48F0-9F25-5E6C0E4C1FAB}.AppStore|Any CPU.ActiveCfg = AppStore|iPhone
		{0F43179C-D35E-48F0-9F25-5E6C0E4C1FAB}.AppStore|ARM.ActiveCfg = AppStore|iPhone
		{0F43179C-D35E-48F0-9F25-5E6C0E4C1FAB}.AppStore|iPhone.ActiveCfg = AppStore|iPhone
		{0F43179C-D35E-48F0-9F25-5E6C0E4C1FAB}.AppStore|iPhone.Build.0 = AppStore|iPhone
		{0F43179C-D35E-48F0-9F25-5E6C0E4C1FAB}.AppStore|iPhoneSimulator.ActiveCfg = AppStore|iPhoneSimulator
		{0F43179C-D35E-48F0-9F25-5E6C0E4C1FAB}.AppStore|iPhoneSimulator.Build.0 = AppStore|iPhoneSimulator
		{0F43179C-D35E-48F0-9F25-5E6C0E4C1FAB}.AppStore|x64.ActiveCfg = AppStore|iPhone
		{0F43179C-D35E-48F0-9F25-5E6C0E4C1FAB}.AppStore|x86.ActiveCfg = AppStore|iPhone
		{0F43179C-D35E-48F0-9F25-5E6C0E4C1FAB}.Debug|Any CPU.ActiveCfg = Debug|iPhone
		{0F43179C-D35E-48F0-9F25-5E6C0E4C1FAB}.Debug|ARM.ActiveCfg = Debug|iPhone
		{0F43179C-D35E-48F0-9F25-5E6C0E4C1FAB}.Debug|iPhone.ActiveCfg = Debug|iPhone
		{0F43179C-D35E-48F0-9F25-5E6C0E4C1FAB}.Debug|iPhone.Build.0 = Debug|iPhone
		{0F43179C-D35E-48F0-9F25-5E6C0E4C1FAB}.Debug|iPhoneSimulator.ActiveCfg = Debug|iPhoneSimulator
		{0F43179C-D35E-48F0-9F25-5E6C0E4C1FAB}.Debug|iPhoneSimulator.Build.0 = Debug|iPhoneSimulator
		{0F43179C-D35E-48F0-9F25-5E6C0E4C1FAB}.Debug|x64.ActiveCfg = Debug|iPhone
		{0F43179C-D35E-48F0-9F25-5E6C0E4C1FAB}.Debug|x86.ActiveCfg = Debug|iPhone
		{0F43179C-D35E-48F0-9F25-5E6C0E4C1FAB}.Debug|x86.Build.0 = Debug|iPhone
		{0F43179C-D35E-48F0-9F25-5E6C0E4C1FAB}.Release|Any CPU.ActiveCfg = Release|iPhone
		{0F43179C-D35E-48F0-9F25-5E6C0E4C1FAB}.Release|ARM.ActiveCfg = Release|iPhone
		{0F43179C-D35E-48F0-9F25-5E6C0E4C1FAB}.Release|iPhone.ActiveCfg = Release|iPhone
		{0F43179C-D35E-48F0-9F25-5E6C0E4C1FAB}.Release|iPhone.Build.0 = Release|iPhone
		{0F43179C-D35E-48F0-9F25-5E6C0E4C1FAB}.Release|iPhoneSimulator.ActiveCfg = Release|iPhoneSimulator
		{0F43179C-D35E-48F0-9F25-5E6C0E4C1FAB}.Release|iPhoneSimulator.Build.0 = Release|iPhoneSimulator
		{0F43179C-D35E-48F0-9F25-5E6C0E4C1FAB}.Release|x64.ActiveCfg = Release|iPhone
		{0F43179C-D35E-48F0-9F25-5E6C0E4C1FAB}.Release|x86.ActiveCfg = Release|iPhone
	EndGlobalSection
	GlobalSection(SolutionProperties) = preSolution
		HideSolutionNode = FALSE
	EndGlobalSection
	GlobalSection(NestedProjects) = preSolution
		{080C64A0-A57A-4F46-9D85-C4E90DC25BBF} = {AB9322BD-7483-45C0-9554-E65C95407670}
		{FC9CA554-669C-4120-9E33-ED8B08AC1E81} = {AB9322BD-7483-45C0-9554-E65C95407670}
		{6BF178C0-BACC-4FEC-9DDA-63255BF57B0A} = {AB9322BD-7483-45C0-9554-E65C95407670}
		{0F43179C-D35E-48F0-9F25-5E6C0E4C1FAB} = {AB9322BD-7483-45C0-9554-E65C95407670}
	EndGlobalSection
	GlobalSection(ExtensibilityGlobals) = postSolution
		SolutionGuid = {BCBB889C-282D-4DF2-A3A7-CD54E70C40BE}
	EndGlobalSection
EndGlobal
